// !$*UTF8*$!
{
	archiveVersion = 1;
	classes = {
	};
	objectVersion = 55;
	objects = {

/* Begin PBXBuildFile section */
		100CED7E28AE4BDE003CD7F9 /* SplatNetDemo--iOS--Info.plist in Resources */ = {isa = PBXBuildFile; fileRef = 100CED7D28AE4BDE003CD7F9 /* SplatNetDemo--iOS--Info.plist */; };
		10251A5928B91AA00095DAA7 /* SwiftyUI in Frameworks */ = {isa = PBXBuildFile; productRef = 10251A5828B91AA00095DAA7 /* SwiftyUI */; };
		10251A5B28B91AEF0095DAA7 /* SplatNet2 in Frameworks */ = {isa = PBXBuildFile; productRef = 10251A5A28B91AEF0095DAA7 /* SplatNet2 */; };
		1080DA7B28AE3F0700220903 /* Tests_iOS.swift in Sources */ = {isa = PBXBuildFile; fileRef = 1080DA7A28AE3F0700220903 /* Tests_iOS.swift */; };
		1080DA7D28AE3F0700220903 /* Tests_iOSLaunchTests.swift in Sources */ = {isa = PBXBuildFile; fileRef = 1080DA7C28AE3F0700220903 /* Tests_iOSLaunchTests.swift */; };
		1080DA8728AE3F0700220903 /* Tests_macOS.swift in Sources */ = {isa = PBXBuildFile; fileRef = 1080DA8628AE3F0700220903 /* Tests_macOS.swift */; };
		1080DA8928AE3F0700220903 /* Tests_macOSLaunchTests.swift in Sources */ = {isa = PBXBuildFile; fileRef = 1080DA8828AE3F0700220903 /* Tests_macOSLaunchTests.swift */; };
		1080DA8A28AE3F0700220903 /* SplatNetDemoApp.swift in Sources */ = {isa = PBXBuildFile; fileRef = 1080DA6228AE3F0600220903 /* SplatNetDemoApp.swift */; };
		1080DA8B28AE3F0700220903 /* SplatNetDemoApp.swift in Sources */ = {isa = PBXBuildFile; fileRef = 1080DA6228AE3F0600220903 /* SplatNetDemoApp.swift */; };
		1080DA8C28AE3F0700220903 /* ContentView.swift in Sources */ = {isa = PBXBuildFile; fileRef = 1080DA6328AE3F0600220903 /* ContentView.swift */; };
		1080DA8D28AE3F0700220903 /* ContentView.swift in Sources */ = {isa = PBXBuildFile; fileRef = 1080DA6328AE3F0600220903 /* ContentView.swift */; };
		1080DA8E28AE3F0700220903 /* Assets.xcassets in Resources */ = {isa = PBXBuildFile; fileRef = 1080DA6428AE3F0700220903 /* Assets.xcassets */; };
		1080DA8F28AE3F0700220903 /* Assets.xcassets in Resources */ = {isa = PBXBuildFile; fileRef = 1080DA6428AE3F0700220903 /* Assets.xcassets */; };
		10A6A18228B7A1AB0075563F /* SplatNet3 in Frameworks */ = {isa = PBXBuildFile; productRef = 10A6A18128B7A1AB0075563F /* SplatNet3 */; };
		10D7A0C628BACEB200DB86CF /* Localizable.strings in Resources */ = {isa = PBXBuildFile; fileRef = 10D7A0C928BACEB200DB86CF /* Localizable.strings */; };
		10D7A0C728BACEB200DB86CF /* Localizable.strings in Resources */ = {isa = PBXBuildFile; fileRef = 10D7A0C928BACEB200DB86CF /* Localizable.strings */; };
/* End PBXBuildFile section */

/* Begin PBXContainerItemProxy section */
		1080DA7728AE3F0700220903 /* PBXContainerItemProxy */ = {
			isa = PBXContainerItemProxy;
			containerPortal = 1080DA5D28AE3F0600220903 /* Project object */;
			proxyType = 1;
			remoteGlobalIDString = 1080DA6828AE3F0700220903;
			remoteInfo = "SplatNetDemo (iOS)";
		};
		1080DA8328AE3F0700220903 /* PBXContainerItemProxy */ = {
			isa = PBXContainerItemProxy;
			containerPortal = 1080DA5D28AE3F0600220903 /* Project object */;
			proxyType = 1;
			remoteGlobalIDString = 1080DA6E28AE3F0700220903;
			remoteInfo = "SplatNetDemo (macOS)";
		};
/* End PBXContainerItemProxy section */

/* Begin PBXFileReference section */
		100CED7D28AE4BDE003CD7F9 /* SplatNetDemo--iOS--Info.plist */ = {isa = PBXFileReference; lastKnownFileType = text.plist; path = "SplatNetDemo--iOS--Info.plist"; sourceTree = "<group>"; };
		10251A5728B91A780095DAA7 /* SwiftyUI */ = {isa = PBXFileReference; lastKnownFileType = wrapper; name = SwiftyUI; path = ../../SwiftyUI; sourceTree = "<group>"; };
		10320C5628D3E01300666F09 /* fr */ = {isa = PBXFileReference; lastKnownFileType = text.plist.strings; name = fr; path = fr.lproj/Localizable.strings; sourceTree = "<group>"; };
		10320C5728D3E01700666F09 /* fr-CA */ = {isa = PBXFileReference; lastKnownFileType = text.plist.strings; name = "fr-CA"; path = "fr-CA.lproj/Localizable.strings"; sourceTree = "<group>"; };
		10320C5828D3E02C00666F09 /* ru */ = {isa = PBXFileReference; lastKnownFileType = text.plist.strings; name = ru; path = ru.lproj/Localizable.strings; sourceTree = "<group>"; };
		10320C5928D3E03B00666F09 /* it */ = {isa = PBXFileReference; lastKnownFileType = text.plist.strings; name = it; path = it.lproj/Localizable.strings; sourceTree = "<group>"; };
		10320C5A28D3E04300666F09 /* ko */ = {isa = PBXFileReference; lastKnownFileType = text.plist.strings; name = ko; path = ko.lproj/Localizable.strings; sourceTree = "<group>"; };
		10320C5B28D3E05200666F09 /* nl */ = {isa = PBXFileReference; lastKnownFileType = text.plist.strings; name = nl; path = nl.lproj/Localizable.strings; sourceTree = "<group>"; };
		10320C5C28D3E05600666F09 /* de */ = {isa = PBXFileReference; lastKnownFileType = text.plist.strings; name = de; path = de.lproj/Localizable.strings; sourceTree = "<group>"; };
		10320C5D28D3E07600666F09 /* es */ = {isa = PBXFileReference; lastKnownFileType = text.plist.strings; name = es; path = es.lproj/Localizable.strings; sourceTree = "<group>"; };
		10320C5E28D3E09A00666F09 /* es-MX */ = {isa = PBXFileReference; lastKnownFileType = text.plist.strings; name = "es-MX"; path = "es-MX.lproj/Localizable.strings"; sourceTree = "<group>"; };
		10320C5F28D3E0C100666F09 /* en-GB */ = {isa = PBXFileReference; lastKnownFileType = text.plist.strings; name = "en-GB"; path = "en-GB.lproj/Localizable.strings"; sourceTree = "<group>"; };
		1080DA6228AE3F0600220903 /* SplatNetDemoApp.swift */ = {isa = PBXFileReference; lastKnownFileType = sourcecode.swift; path = SplatNetDemoApp.swift; sourceTree = "<group>"; };
		1080DA6328AE3F0600220903 /* ContentView.swift */ = {isa = PBXFileReference; lastKnownFileType = sourcecode.swift; path = ContentView.swift; sourceTree = "<group>"; };
		1080DA6428AE3F0700220903 /* Assets.xcassets */ = {isa = PBXFileReference; lastKnownFileType = folder.assetcatalog; path = Assets.xcassets; sourceTree = "<group>"; };
		1080DA6928AE3F0700220903 /* SplatNetDemo.app */ = {isa = PBXFileReference; explicitFileType = wrapper.application; includeInIndex = 0; path = SplatNetDemo.app; sourceTree = BUILT_PRODUCTS_DIR; };
		1080DA6F28AE3F0700220903 /* SplatNetDemo.app */ = {isa = PBXFileReference; explicitFileType = wrapper.application; includeInIndex = 0; path = SplatNetDemo.app; sourceTree = BUILT_PRODUCTS_DIR; };
		1080DA7128AE3F0700220903 /* macOS.entitlements */ = {isa = PBXFileReference; lastKnownFileType = text.plist.entitlements; path = macOS.entitlements; sourceTree = "<group>"; };
		1080DA7628AE3F0700220903 /* Tests iOS.xctest */ = {isa = PBXFileReference; explicitFileType = wrapper.cfbundle; includeInIndex = 0; path = "Tests iOS.xctest"; sourceTree = BUILT_PRODUCTS_DIR; };
		1080DA7A28AE3F0700220903 /* Tests_iOS.swift */ = {isa = PBXFileReference; lastKnownFileType = sourcecode.swift; path = Tests_iOS.swift; sourceTree = "<group>"; };
		1080DA7C28AE3F0700220903 /* Tests_iOSLaunchTests.swift */ = {isa = PBXFileReference; lastKnownFileType = sourcecode.swift; path = Tests_iOSLaunchTests.swift; sourceTree = "<group>"; };
		1080DA8228AE3F0700220903 /* Tests macOS.xctest */ = {isa = PBXFileReference; explicitFileType = wrapper.cfbundle; includeInIndex = 0; path = "Tests macOS.xctest"; sourceTree = BUILT_PRODUCTS_DIR; };
		1080DA8628AE3F0700220903 /* Tests_macOS.swift */ = {isa = PBXFileReference; lastKnownFileType = sourcecode.swift; path = Tests_macOS.swift; sourceTree = "<group>"; };
		1080DA8828AE3F0700220903 /* Tests_macOSLaunchTests.swift */ = {isa = PBXFileReference; lastKnownFileType = sourcecode.swift; path = Tests_macOSLaunchTests.swift; sourceTree = "<group>"; };
		1080DA9F28AE3F2200220903 /* SplatNet */ = {isa = PBXFileReference; lastKnownFileType = wrapper; name = SplatNet; path = ..; sourceTree = "<group>"; };
		10D7A0C828BACEB200DB86CF /* en */ = {isa = PBXFileReference; lastKnownFileType = text.plist.strings; name = en; path = en.lproj/Localizable.strings; sourceTree = "<group>"; };
		10D7A0CA28BACEB600DB86CF /* zh-Hans */ = {isa = PBXFileReference; lastKnownFileType = text.plist.strings; name = "zh-Hans"; path = "zh-Hans.lproj/Localizable.strings"; sourceTree = "<group>"; };
		10D7A0CB28BACEB900DB86CF /* zh-Hant */ = {isa = PBXFileReference; lastKnownFileType = text.plist.strings; name = "zh-Hant"; path = "zh-Hant.lproj/Localizable.strings"; sourceTree = "<group>"; };
		10D7A0CC28BACEB900DB86CF /* ja */ = {isa = PBXFileReference; lastKnownFileType = text.plist.strings; name = ja; path = ja.lproj/Localizable.strings; sourceTree = "<group>"; };
/* End PBXFileReference section */

/* Begin PBXFrameworksBuildPhase section */
		1080DA6628AE3F0700220903 /* Frameworks */ = {
			isa = PBXFrameworksBuildPhase;
			buildActionMask = 2147483647;
			files = (
				10251A5928B91AA00095DAA7 /* SwiftyUI in Frameworks */,
				10A6A18228B7A1AB0075563F /* SplatNet3 in Frameworks */,
				10251A5B28B91AEF0095DAA7 /* SplatNet2 in Frameworks */,
			);
			runOnlyForDeploymentPostprocessing = 0;
		};
		1080DA6C28AE3F0700220903 /* Frameworks */ = {
			isa = PBXFrameworksBuildPhase;
			buildActionMask = 2147483647;
			files = (
			);
			runOnlyForDeploymentPostprocessing = 0;
		};
		1080DA7328AE3F0700220903 /* Frameworks */ = {
			isa = PBXFrameworksBuildPhase;
			buildActionMask = 2147483647;
			files = (
			);
			runOnlyForDeploymentPostprocessing = 0;
		};
		1080DA7F28AE3F0700220903 /* Frameworks */ = {
			isa = PBXFrameworksBuildPhase;
			buildActionMask = 2147483647;
			files = (
			);
			runOnlyForDeploymentPostprocessing = 0;
		};
/* End PBXFrameworksBuildPhase section */

/* Begin PBXGroup section */
		1080DA5C28AE3F0600220903 = {
			isa = PBXGroup;
			children = (
				100CED7D28AE4BDE003CD7F9 /* SplatNetDemo--iOS--Info.plist */,
				1080DA9E28AE3F2200220903 /* Packages */,
				1080DA6128AE3F0600220903 /* Shared */,
				1080DA7028AE3F0700220903 /* macOS */,
				1080DA7928AE3F0700220903 /* Tests iOS */,
				1080DA8528AE3F0700220903 /* Tests macOS */,
				1080DA6A28AE3F0700220903 /* Products */,
				1080DAA128AE3F8F00220903 /* Frameworks */,
			);
			sourceTree = "<group>";
		};
		1080DA6128AE3F0600220903 /* Shared */ = {
			isa = PBXGroup;
			children = (
				1080DA6228AE3F0600220903 /* SplatNetDemoApp.swift */,
				1080DA6328AE3F0600220903 /* ContentView.swift */,
				1080DA6428AE3F0700220903 /* Assets.xcassets */,
				10D7A0C928BACEB200DB86CF /* Localizable.strings */,
			);
			path = Shared;
			sourceTree = "<group>";
		};
		1080DA6A28AE3F0700220903 /* Products */ = {
			isa = PBXGroup;
			children = (
				1080DA6928AE3F0700220903 /* SplatNetDemo.app */,
				1080DA6F28AE3F0700220903 /* SplatNetDemo.app */,
				1080DA7628AE3F0700220903 /* Tests iOS.xctest */,
				1080DA8228AE3F0700220903 /* Tests macOS.xctest */,
			);
			name = Products;
			sourceTree = "<group>";
		};
		1080DA7028AE3F0700220903 /* macOS */ = {
			isa = PBXGroup;
			children = (
				1080DA7128AE3F0700220903 /* macOS.entitlements */,
			);
			path = macOS;
			sourceTree = "<group>";
		};
		1080DA7928AE3F0700220903 /* Tests iOS */ = {
			isa = PBXGroup;
			children = (
				1080DA7A28AE3F0700220903 /* Tests_iOS.swift */,
				1080DA7C28AE3F0700220903 /* Tests_iOSLaunchTests.swift */,
			);
			path = "Tests iOS";
			sourceTree = "<group>";
		};
		1080DA8528AE3F0700220903 /* Tests macOS */ = {
			isa = PBXGroup;
			children = (
				1080DA8628AE3F0700220903 /* Tests_macOS.swift */,
				1080DA8828AE3F0700220903 /* Tests_macOSLaunchTests.swift */,
			);
			path = "Tests macOS";
			sourceTree = "<group>";
		};
		1080DA9E28AE3F2200220903 /* Packages */ = {
			isa = PBXGroup;
			children = (
				1080DA9F28AE3F2200220903 /* SplatNet */,
				10251A5728B91A780095DAA7 /* SwiftyUI */,
			);
			name = Packages;
			sourceTree = "<group>";
		};
		1080DAA128AE3F8F00220903 /* Frameworks */ = {
			isa = PBXGroup;
			children = (
			);
			name = Frameworks;
			sourceTree = "<group>";
		};
/* End PBXGroup section */

/* Begin PBXNativeTarget section */
		1080DA6828AE3F0700220903 /* SplatNetDemo (iOS) */ = {
			isa = PBXNativeTarget;
			buildConfigurationList = 1080DA9228AE3F0700220903 /* Build configuration list for PBXNativeTarget "SplatNetDemo (iOS)" */;
			buildPhases = (
				1080DA6528AE3F0700220903 /* Sources */,
				1080DA6628AE3F0700220903 /* Frameworks */,
				1080DA6728AE3F0700220903 /* Resources */,
			);
			buildRules = (
			);
			dependencies = (
			);
			name = "SplatNetDemo (iOS)";
			packageProductDependencies = (
				10A6A18128B7A1AB0075563F /* SplatNet3 */,
				10251A5828B91AA00095DAA7 /* SwiftyUI */,
				10251A5A28B91AEF0095DAA7 /* SplatNet2 */,
			);
			productName = "SplatNetDemo (iOS)";
			productReference = 1080DA6928AE3F0700220903 /* SplatNetDemo.app */;
			productType = "com.apple.product-type.application";
		};
		1080DA6E28AE3F0700220903 /* SplatNetDemo (macOS) */ = {
			isa = PBXNativeTarget;
			buildConfigurationList = 1080DA9528AE3F0700220903 /* Build configuration list for PBXNativeTarget "SplatNetDemo (macOS)" */;
			buildPhases = (
				1080DA6B28AE3F0700220903 /* Sources */,
				1080DA6C28AE3F0700220903 /* Frameworks */,
				1080DA6D28AE3F0700220903 /* Resources */,
			);
			buildRules = (
			);
			dependencies = (
			);
			name = "SplatNetDemo (macOS)";
			productName = "SplatNetDemo (macOS)";
			productReference = 1080DA6F28AE3F0700220903 /* SplatNetDemo.app */;
			productType = "com.apple.product-type.application";
		};
		1080DA7528AE3F0700220903 /* Tests iOS */ = {
			isa = PBXNativeTarget;
			buildConfigurationList = 1080DA9828AE3F0700220903 /* Build configuration list for PBXNativeTarget "Tests iOS" */;
			buildPhases = (
				1080DA7228AE3F0700220903 /* Sources */,
				1080DA7328AE3F0700220903 /* Frameworks */,
				1080DA7428AE3F0700220903 /* Resources */,
			);
			buildRules = (
			);
			dependencies = (
				1080DA7828AE3F0700220903 /* PBXTargetDependency */,
			);
			name = "Tests iOS";
			productName = "Tests iOS";
			productReference = 1080DA7628AE3F0700220903 /* Tests iOS.xctest */;
			productType = "com.apple.product-type.bundle.ui-testing";
		};
		1080DA8128AE3F0700220903 /* Tests macOS */ = {
			isa = PBXNativeTarget;
			buildConfigurationList = 1080DA9B28AE3F0700220903 /* Build configuration list for PBXNativeTarget "Tests macOS" */;
			buildPhases = (
				1080DA7E28AE3F0700220903 /* Sources */,
				1080DA7F28AE3F0700220903 /* Frameworks */,
				1080DA8028AE3F0700220903 /* Resources */,
			);
			buildRules = (
			);
			dependencies = (
				1080DA8428AE3F0700220903 /* PBXTargetDependency */,
			);
			name = "Tests macOS";
			productName = "Tests macOS";
			productReference = 1080DA8228AE3F0700220903 /* Tests macOS.xctest */;
			productType = "com.apple.product-type.bundle.ui-testing";
		};
/* End PBXNativeTarget section */

/* Begin PBXProject section */
		1080DA5D28AE3F0600220903 /* Project object */ = {
			isa = PBXProject;
			attributes = {
				BuildIndependentTargetsInParallel = 1;
				LastSwiftUpdateCheck = 1330;
				LastUpgradeCheck = 1330;
				TargetAttributes = {
					1080DA6828AE3F0700220903 = {
						CreatedOnToolsVersion = 13.3.1;
					};
					1080DA6E28AE3F0700220903 = {
						CreatedOnToolsVersion = 13.3.1;
					};
					1080DA7528AE3F0700220903 = {
						CreatedOnToolsVersion = 13.3.1;
						TestTargetID = 1080DA6828AE3F0700220903;
					};
					1080DA8128AE3F0700220903 = {
						CreatedOnToolsVersion = 13.3.1;
						TestTargetID = 1080DA6E28AE3F0700220903;
					};
				};
			};
			buildConfigurationList = 1080DA6028AE3F0600220903 /* Build configuration list for PBXProject "SplatNetDemo" */;
			compatibilityVersion = "Xcode 13.0";
			developmentRegion = en;
			hasScannedForEncodings = 0;
			knownRegions = (
				en,
				Base,
				ja,
				"zh-Hans",
				"zh-Hant",
				fr,
				"fr-CA",
				ru,
				it,
				ko,
				nl,
				de,
				es,
				"es-MX",
				"en-GB",
			);
			mainGroup = 1080DA5C28AE3F0600220903;
			productRefGroup = 1080DA6A28AE3F0700220903 /* Products */;
			projectDirPath = "";
			projectRoot = "";
			targets = (
				1080DA6828AE3F0700220903 /* SplatNetDemo (iOS) */,
				1080DA6E28AE3F0700220903 /* SplatNetDemo (macOS) */,
				1080DA7528AE3F0700220903 /* Tests iOS */,
				1080DA8128AE3F0700220903 /* Tests macOS */,
			);
		};
/* End PBXProject section */

/* Begin PBXResourcesBuildPhase section */
		1080DA6728AE3F0700220903 /* Resources */ = {
			isa = PBXResourcesBuildPhase;
			buildActionMask = 2147483647;
			files = (
				1080DA8E28AE3F0700220903 /* Assets.xcassets in Resources */,
				10D7A0C628BACEB200DB86CF /* Localizable.strings in Resources */,
				100CED7E28AE4BDE003CD7F9 /* SplatNetDemo--iOS--Info.plist in Resources */,
			);
			runOnlyForDeploymentPostprocessing = 0;
		};
		1080DA6D28AE3F0700220903 /* Resources */ = {
			isa = PBXResourcesBuildPhase;
			buildActionMask = 2147483647;
			files = (
				1080DA8F28AE3F0700220903 /* Assets.xcassets in Resources */,
				10D7A0C728BACEB200DB86CF /* Localizable.strings in Resources */,
			);
			runOnlyForDeploymentPostprocessing = 0;
		};
		1080DA7428AE3F0700220903 /* Resources */ = {
			isa = PBXResourcesBuildPhase;
			buildActionMask = 2147483647;
			files = (
			);
			runOnlyForDeploymentPostprocessing = 0;
		};
		1080DA8028AE3F0700220903 /* Resources */ = {
			isa = PBXResourcesBuildPhase;
			buildActionMask = 2147483647;
			files = (
			);
			runOnlyForDeploymentPostprocessing = 0;
		};
/* End PBXResourcesBuildPhase section */

/* Begin PBXSourcesBuildPhase section */
		1080DA6528AE3F0700220903 /* Sources */ = {
			isa = PBXSourcesBuildPhase;
			buildActionMask = 2147483647;
			files = (
				1080DA8C28AE3F0700220903 /* ContentView.swift in Sources */,
				1080DA8A28AE3F0700220903 /* SplatNetDemoApp.swift in Sources */,
			);
			runOnlyForDeploymentPostprocessing = 0;
		};
		1080DA6B28AE3F0700220903 /* Sources */ = {
			isa = PBXSourcesBuildPhase;
			buildActionMask = 2147483647;
			files = (
				1080DA8D28AE3F0700220903 /* ContentView.swift in Sources */,
				1080DA8B28AE3F0700220903 /* SplatNetDemoApp.swift in Sources */,
			);
			runOnlyForDeploymentPostprocessing = 0;
		};
		1080DA7228AE3F0700220903 /* Sources */ = {
			isa = PBXSourcesBuildPhase;
			buildActionMask = 2147483647;
			files = (
				1080DA7D28AE3F0700220903 /* Tests_iOSLaunchTests.swift in Sources */,
				1080DA7B28AE3F0700220903 /* Tests_iOS.swift in Sources */,
			);
			runOnlyForDeploymentPostprocessing = 0;
		};
		1080DA7E28AE3F0700220903 /* Sources */ = {
			isa = PBXSourcesBuildPhase;
			buildActionMask = 2147483647;
			files = (
				1080DA8928AE3F0700220903 /* Tests_macOSLaunchTests.swift in Sources */,
				1080DA8728AE3F0700220903 /* Tests_macOS.swift in Sources */,
			);
			runOnlyForDeploymentPostprocessing = 0;
		};
/* End PBXSourcesBuildPhase section */

/* Begin PBXTargetDependency section */
		1080DA7828AE3F0700220903 /* PBXTargetDependency */ = {
			isa = PBXTargetDependency;
			target = 1080DA6828AE3F0700220903 /* SplatNetDemo (iOS) */;
			targetProxy = 1080DA7728AE3F0700220903 /* PBXContainerItemProxy */;
		};
		1080DA8428AE3F0700220903 /* PBXTargetDependency */ = {
			isa = PBXTargetDependency;
			target = 1080DA6E28AE3F0700220903 /* SplatNetDemo (macOS) */;
			targetProxy = 1080DA8328AE3F0700220903 /* PBXContainerItemProxy */;
		};
/* End PBXTargetDependency section */

/* Begin PBXVariantGroup section */
		10D7A0C928BACEB200DB86CF /* Localizable.strings */ = {
			isa = PBXVariantGroup;
			children = (
				10D7A0C828BACEB200DB86CF /* en */,
				10D7A0CA28BACEB600DB86CF /* zh-Hans */,
				10D7A0CB28BACEB900DB86CF /* zh-Hant */,
				10D7A0CC28BACEB900DB86CF /* ja */,
				10320C5628D3E01300666F09 /* fr */,
				10320C5728D3E01700666F09 /* fr-CA */,
				10320C5828D3E02C00666F09 /* ru */,
				10320C5928D3E03B00666F09 /* it */,
				10320C5A28D3E04300666F09 /* ko */,
				10320C5B28D3E05200666F09 /* nl */,
				10320C5C28D3E05600666F09 /* de */,
				10320C5D28D3E07600666F09 /* es */,
				10320C5E28D3E09A00666F09 /* es-MX */,
				10320C5F28D3E0C100666F09 /* en-GB */,
			);
			name = Localizable.strings;
			sourceTree = "<group>";
		};
/* End PBXVariantGroup section */

/* Begin XCBuildConfiguration section */
		1080DA9028AE3F0700220903 /* Debug */ = {
			isa = XCBuildConfiguration;
			buildSettings = {
				ALWAYS_SEARCH_USER_PATHS = NO;
				CLANG_ANALYZER_NONNULL = YES;
				CLANG_ANALYZER_NUMBER_OBJECT_CONVERSION = YES_AGGRESSIVE;
				CLANG_CXX_LANGUAGE_STANDARD = "gnu++17";
				CLANG_ENABLE_MODULES = YES;
				CLANG_ENABLE_OBJC_ARC = YES;
				CLANG_ENABLE_OBJC_WEAK = YES;
				CLANG_WARN_BLOCK_CAPTURE_AUTORELEASING = YES;
				CLANG_WARN_BOOL_CONVERSION = YES;
				CLANG_WARN_COMMA = YES;
				CLANG_WARN_CONSTANT_CONVERSION = YES;
				CLANG_WARN_DEPRECATED_OBJC_IMPLEMENTATIONS = YES;
				CLANG_WARN_DIRECT_OBJC_ISA_USAGE = YES_ERROR;
				CLANG_WARN_DOCUMENTATION_COMMENTS = YES;
				CLANG_WARN_EMPTY_BODY = YES;
				CLANG_WARN_ENUM_CONVERSION = YES;
				CLANG_WARN_INFINITE_RECURSION = YES;
				CLANG_WARN_INT_CONVERSION = YES;
				CLANG_WARN_NON_LITERAL_NULL_CONVERSION = YES;
				CLANG_WARN_OBJC_IMPLICIT_RETAIN_SELF = YES;
				CLANG_WARN_OBJC_LITERAL_CONVERSION = YES;
				CLANG_WARN_OBJC_ROOT_CLASS = YES_ERROR;
				CLANG_WARN_QUOTED_INCLUDE_IN_FRAMEWORK_HEADER = YES;
				CLANG_WARN_RANGE_LOOP_ANALYSIS = YES;
				CLANG_WARN_STRICT_PROTOTYPES = YES;
				CLANG_WARN_SUSPICIOUS_MOVE = YES;
				CLANG_WARN_UNGUARDED_AVAILABILITY = YES_AGGRESSIVE;
				CLANG_WARN_UNREACHABLE_CODE = YES;
				CLANG_WARN__DUPLICATE_METHOD_MATCH = YES;
				COPY_PHASE_STRIP = NO;
				DEBUG_INFORMATION_FORMAT = dwarf;
				ENABLE_STRICT_OBJC_MSGSEND = YES;
				ENABLE_TESTABILITY = YES;
				GCC_C_LANGUAGE_STANDARD = gnu11;
				GCC_DYNAMIC_NO_PIC = NO;
				GCC_NO_COMMON_BLOCKS = YES;
				GCC_OPTIMIZATION_LEVEL = 0;
				GCC_PREPROCESSOR_DEFINITIONS = (
					"DEBUG=1",
					"$(inherited)",
				);
				GCC_WARN_64_TO_32_BIT_CONVERSION = YES;
				GCC_WARN_ABOUT_RETURN_TYPE = YES_ERROR;
				GCC_WARN_UNDECLARED_SELECTOR = YES;
				GCC_WARN_UNINITIALIZED_AUTOS = YES_AGGRESSIVE;
				GCC_WARN_UNUSED_FUNCTION = YES;
				GCC_WARN_UNUSED_VARIABLE = YES;
				IPHONEOS_DEPLOYMENT_TARGET = 16.0;
				MACOSX_DEPLOYMENT_TARGET = 13.1;
				MTL_ENABLE_DEBUG_INFO = INCLUDE_SOURCE;
				MTL_FAST_MATH = YES;
				ONLY_ACTIVE_ARCH = YES;
				SWIFT_ACTIVE_COMPILATION_CONDITIONS = DEBUG;
				SWIFT_OPTIMIZATION_LEVEL = "-Onone";
			};
			name = Debug;
		};
		1080DA9128AE3F0700220903 /* Release */ = {
			isa = XCBuildConfiguration;
			buildSettings = {
				ALWAYS_SEARCH_USER_PATHS = NO;
				CLANG_ANALYZER_NONNULL = YES;
				CLANG_ANALYZER_NUMBER_OBJECT_CONVERSION = YES_AGGRESSIVE;
				CLANG_CXX_LANGUAGE_STANDARD = "gnu++17";
				CLANG_ENABLE_MODULES = YES;
				CLANG_ENABLE_OBJC_ARC = YES;
				CLANG_ENABLE_OBJC_WEAK = YES;
				CLANG_WARN_BLOCK_CAPTURE_AUTORELEASING = YES;
				CLANG_WARN_BOOL_CONVERSION = YES;
				CLANG_WARN_COMMA = YES;
				CLANG_WARN_CONSTANT_CONVERSION = YES;
				CLANG_WARN_DEPRECATED_OBJC_IMPLEMENTATIONS = YES;
				CLANG_WARN_DIRECT_OBJC_ISA_USAGE = YES_ERROR;
				CLANG_WARN_DOCUMENTATION_COMMENTS = YES;
				CLANG_WARN_EMPTY_BODY = YES;
				CLANG_WARN_ENUM_CONVERSION = YES;
				CLANG_WARN_INFINITE_RECURSION = YES;
				CLANG_WARN_INT_CONVERSION = YES;
				CLANG_WARN_NON_LITERAL_NULL_CONVERSION = YES;
				CLANG_WARN_OBJC_IMPLICIT_RETAIN_SELF = YES;
				CLANG_WARN_OBJC_LITERAL_CONVERSION = YES;
				CLANG_WARN_OBJC_ROOT_CLASS = YES_ERROR;
				CLANG_WARN_QUOTED_INCLUDE_IN_FRAMEWORK_HEADER = YES;
				CLANG_WARN_RANGE_LOOP_ANALYSIS = YES;
				CLANG_WARN_STRICT_PROTOTYPES = YES;
				CLANG_WARN_SUSPICIOUS_MOVE = YES;
				CLANG_WARN_UNGUARDED_AVAILABILITY = YES_AGGRESSIVE;
				CLANG_WARN_UNREACHABLE_CODE = YES;
				CLANG_WARN__DUPLICATE_METHOD_MATCH = YES;
				COPY_PHASE_STRIP = NO;
				DEBUG_INFORMATION_FORMAT = "dwarf-with-dsym";
				ENABLE_NS_ASSERTIONS = NO;
				ENABLE_STRICT_OBJC_MSGSEND = YES;
				GCC_C_LANGUAGE_STANDARD = gnu11;
				GCC_NO_COMMON_BLOCKS = YES;
				GCC_WARN_64_TO_32_BIT_CONVERSION = YES;
				GCC_WARN_ABOUT_RETURN_TYPE = YES_ERROR;
				GCC_WARN_UNDECLARED_SELECTOR = YES;
				GCC_WARN_UNINITIALIZED_AUTOS = YES_AGGRESSIVE;
				GCC_WARN_UNUSED_FUNCTION = YES;
				GCC_WARN_UNUSED_VARIABLE = YES;
				IPHONEOS_DEPLOYMENT_TARGET = 16.0;
				MACOSX_DEPLOYMENT_TARGET = 13.1;
				MTL_ENABLE_DEBUG_INFO = NO;
				MTL_FAST_MATH = YES;
				SWIFT_COMPILATION_MODE = wholemodule;
				SWIFT_OPTIMIZATION_LEVEL = "-O";
			};
			name = Release;
		};
		1080DA9328AE3F0700220903 /* Debug */ = {
			isa = XCBuildConfiguration;
			buildSettings = {
				ASSETCATALOG_COMPILER_APPICON_NAME = AppIcon;
				ASSETCATALOG_COMPILER_GLOBAL_ACCENT_COLOR_NAME = AccentColor;
				CODE_SIGN_STYLE = Automatic;
				CURRENT_PROJECT_VERSION = 1;
				DEVELOPMENT_TEAM = D9HU6JZF2Q;
				ENABLE_PREVIEWS = YES;
				GENERATE_INFOPLIST_FILE = YES;
				INFOPLIST_FILE = "SplatNetDemo--iOS--Info.plist";
				INFOPLIST_KEY_UIApplicationSceneManifest_Generation = YES;
				INFOPLIST_KEY_UIApplicationSupportsIndirectInputEvents = YES;
				INFOPLIST_KEY_UILaunchScreen_Generation = YES;
				INFOPLIST_KEY_UISupportedInterfaceOrientations_iPad = "UIInterfaceOrientationPortrait UIInterfaceOrientationPortraitUpsideDown UIInterfaceOrientationLandscapeLeft UIInterfaceOrientationLandscapeRight";
				INFOPLIST_KEY_UISupportedInterfaceOrientations_iPhone = "UIInterfaceOrientationPortrait UIInterfaceOrientationLandscapeLeft UIInterfaceOrientationLandscapeRight";
				IPHONEOS_DEPLOYMENT_TARGET = 15.4;
				LD_RUNPATH_SEARCH_PATHS = (
					"$(inherited)",
					"@executable_path/Frameworks",
				);
				MARKETING_VERSION = 1.0;
				PRODUCT_BUNDLE_IDENTIFIER = work.tkgstrator.SplatNetDemo;
				PRODUCT_NAME = SplatNetDemo;
				SDKROOT = iphoneos;
				SWIFT_EMIT_LOC_STRINGS = YES;
				SWIFT_VERSION = 5.0;
				TARGETED_DEVICE_FAMILY = "1,2";
			};
			name = Debug;
		};
		1080DA9428AE3F0700220903 /* Release */ = {
			isa = XCBuildConfiguration;
			buildSettings = {
				ASSETCATALOG_COMPILER_APPICON_NAME = AppIcon;
				ASSETCATALOG_COMPILER_GLOBAL_ACCENT_COLOR_NAME = AccentColor;
				CODE_SIGN_STYLE = Automatic;
				CURRENT_PROJECT_VERSION = 1;
				DEVELOPMENT_TEAM = D9HU6JZF2Q;
				ENABLE_PREVIEWS = YES;
				GENERATE_INFOPLIST_FILE = YES;
				INFOPLIST_FILE = "SplatNetDemo--iOS--Info.plist";
				INFOPLIST_KEY_UIApplicationSceneManifest_Generation = YES;
				INFOPLIST_KEY_UIApplicationSupportsIndirectInputEvents = YES;
				INFOPLIST_KEY_UILaunchScreen_Generation = YES;
				INFOPLIST_KEY_UISupportedInterfaceOrientations_iPad = "UIInterfaceOrientationPortrait UIInterfaceOrientationPortraitUpsideDown UIInterfaceOrientationLandscapeLeft UIInterfaceOrientationLandscapeRight";
				INFOPLIST_KEY_UISupportedInterfaceOrientations_iPhone = "UIInterfaceOrientationPortrait UIInterfaceOrientationLandscapeLeft UIInterfaceOrientationLandscapeRight";
				IPHONEOS_DEPLOYMENT_TARGET = 15.4;
				LD_RUNPATH_SEARCH_PATHS = (
					"$(inherited)",
					"@executable_path/Frameworks",
				);
				MARKETING_VERSION = 1.0;
				PRODUCT_BUNDLE_IDENTIFIER = work.tkgstrator.SplatNetDemo;
				PRODUCT_NAME = SplatNetDemo;
				SDKROOT = iphoneos;
				SWIFT_EMIT_LOC_STRINGS = YES;
				SWIFT_VERSION = 5.0;
				TARGETED_DEVICE_FAMILY = "1,2";
				VALIDATE_PRODUCT = YES;
			};
			name = Release;
		};
		1080DA9628AE3F0700220903 /* Debug */ = {
			isa = XCBuildConfiguration;
			buildSettings = {
				ASSETCATALOG_COMPILER_APPICON_NAME = AppIcon;
				ASSETCATALOG_COMPILER_GLOBAL_ACCENT_COLOR_NAME = AccentColor;
				CODE_SIGN_ENTITLEMENTS = macOS/macOS.entitlements;
				CODE_SIGN_IDENTITY = "-";
				CODE_SIGN_STYLE = Automatic;
				COMBINE_HIDPI_IMAGES = YES;
				CURRENT_PROJECT_VERSION = 1;
				DEVELOPMENT_TEAM = D9HU6JZF2Q;
				ENABLE_HARDENED_RUNTIME = YES;
				ENABLE_PREVIEWS = YES;
				GENERATE_INFOPLIST_FILE = YES;
				INFOPLIST_KEY_NSHumanReadableCopyright = "";
				LD_RUNPATH_SEARCH_PATHS = (
					"$(inherited)",
					"@executable_path/../Frameworks",
				);
				MACOSX_DEPLOYMENT_TARGET = 12.3;
				MARKETING_VERSION = 1.0;
				PRODUCT_BUNDLE_IDENTIFIER = work.tkgstrator.SplatNetDemo;
				PRODUCT_NAME = SplatNetDemo;
				SDKROOT = macosx;
				SWIFT_EMIT_LOC_STRINGS = YES;
				SWIFT_VERSION = 5.0;
			};
			name = Debug;
		};
		1080DA9728AE3F0700220903 /* Release */ = {
			isa = XCBuildConfiguration;
			buildSettings = {
				ASSETCATALOG_COMPILER_APPICON_NAME = AppIcon;
				ASSETCATALOG_COMPILER_GLOBAL_ACCENT_COLOR_NAME = AccentColor;
				CODE_SIGN_ENTITLEMENTS = macOS/macOS.entitlements;
				CODE_SIGN_IDENTITY = "-";
				CODE_SIGN_STYLE = Automatic;
				COMBINE_HIDPI_IMAGES = YES;
				CURRENT_PROJECT_VERSION = 1;
				DEVELOPMENT_TEAM = D9HU6JZF2Q;
				ENABLE_HARDENED_RUNTIME = YES;
				ENABLE_PREVIEWS = YES;
				GENERATE_INFOPLIST_FILE = YES;
				INFOPLIST_KEY_NSHumanReadableCopyright = "";
				LD_RUNPATH_SEARCH_PATHS = (
					"$(inherited)",
					"@executable_path/../Frameworks",
				);
				MACOSX_DEPLOYMENT_TARGET = 12.3;
				MARKETING_VERSION = 1.0;
				PRODUCT_BUNDLE_IDENTIFIER = work.tkgstrator.SplatNetDemo;
				PRODUCT_NAME = SplatNetDemo;
				SDKROOT = macosx;
				SWIFT_EMIT_LOC_STRINGS = YES;
				SWIFT_VERSION = 5.0;
			};
			name = Release;
		};
		1080DA9928AE3F0700220903 /* Debug */ = {
			isa = XCBuildConfiguration;
			buildSettings = {
				ALWAYS_EMBED_SWIFT_STANDARD_LIBRARIES = YES;
				CODE_SIGN_STYLE = Automatic;
				CURRENT_PROJECT_VERSION = 1;
				DEVELOPMENT_TEAM = D9HU6JZF2Q;
				GENERATE_INFOPLIST_FILE = YES;
				IPHONEOS_DEPLOYMENT_TARGET = 15.4;
				MARKETING_VERSION = 1.0;
				PRODUCT_BUNDLE_IDENTIFIER = "work.tkgstrator.Tests-iOS";
				PRODUCT_NAME = "$(TARGET_NAME)";
				SDKROOT = iphoneos;
				SWIFT_EMIT_LOC_STRINGS = NO;
				SWIFT_VERSION = 5.0;
				TARGETED_DEVICE_FAMILY = "1,2";
				TEST_TARGET_NAME = "SplatNetDemo (iOS)";
			};
			name = Debug;
		};
		1080DA9A28AE3F0700220903 /* Release */ = {
			isa = XCBuildConfiguration;
			buildSettings = {
				ALWAYS_EMBED_SWIFT_STANDARD_LIBRARIES = YES;
				CODE_SIGN_STYLE = Automatic;
				CURRENT_PROJECT_VERSION = 1;
				DEVELOPMENT_TEAM = D9HU6JZF2Q;
				GENERATE_INFOPLIST_FILE = YES;
				IPHONEOS_DEPLOYMENT_TARGET = 15.4;
				MARKETING_VERSION = 1.0;
				PRODUCT_BUNDLE_IDENTIFIER = "work.tkgstrator.Tests-iOS";
				PRODUCT_NAME = "$(TARGET_NAME)";
				SDKROOT = iphoneos;
				SWIFT_EMIT_LOC_STRINGS = NO;
				SWIFT_VERSION = 5.0;
				TARGETED_DEVICE_FAMILY = "1,2";
				TEST_TARGET_NAME = "SplatNetDemo (iOS)";
				VALIDATE_PRODUCT = YES;
			};
			name = Release;
		};
		1080DA9C28AE3F0700220903 /* Debug */ = {
			isa = XCBuildConfiguration;
			buildSettings = {
				ALWAYS_EMBED_SWIFT_STANDARD_LIBRARIES = YES;
				CODE_SIGN_STYLE = Automatic;
				CURRENT_PROJECT_VERSION = 1;
				DEVELOPMENT_TEAM = D9HU6JZF2Q;
				GENERATE_INFOPLIST_FILE = YES;
				MACOSX_DEPLOYMENT_TARGET = 12.3;
				MARKETING_VERSION = 1.0;
				PRODUCT_BUNDLE_IDENTIFIER = "work.tkgstrator.Tests-macOS";
				PRODUCT_NAME = "$(TARGET_NAME)";
				SDKROOT = macosx;
				SWIFT_EMIT_LOC_STRINGS = NO;
				SWIFT_VERSION = 5.0;
				TEST_TARGET_NAME = "SplatNetDemo (macOS)";
			};
			name = Debug;
		};
		1080DA9D28AE3F0700220903 /* Release */ = {
			isa = XCBuildConfiguration;
			buildSettings = {
				ALWAYS_EMBED_SWIFT_STANDARD_LIBRARIES = YES;
				CODE_SIGN_STYLE = Automatic;
				CURRENT_PROJECT_VERSION = 1;
				DEVELOPMENT_TEAM = D9HU6JZF2Q;
				GENERATE_INFOPLIST_FILE = YES;
				MACOSX_DEPLOYMENT_TARGET = 12.3;
				MARKETING_VERSION = 1.0;
				PRODUCT_BUNDLE_IDENTIFIER = "work.tkgstrator.Tests-macOS";
				PRODUCT_NAME = "$(TARGET_NAME)";
				SDKROOT = macosx;
				SWIFT_EMIT_LOC_STRINGS = NO;
				SWIFT_VERSION = 5.0;
				TEST_TARGET_NAME = "SplatNetDemo (macOS)";
			};
			name = Release;
		};
/* End XCBuildConfiguration section */

/* Begin XCConfigurationList section */
		1080DA6028AE3F0600220903 /* Build configuration list for PBXProject "SplatNetDemo" */ = {
			isa = XCConfigurationList;
			buildConfigurations = (
				1080DA9028AE3F0700220903 /* Debug */,
				1080DA9128AE3F0700220903 /* Release */,
			);
			defaultConfigurationIsVisible = 0;
			defaultConfigurationName = Release;
		};
		1080DA9228AE3F0700220903 /* Build configuration list for PBXNativeTarget "SplatNetDemo (iOS)" */ = {
			isa = XCConfigurationList;
			buildConfigurations = (
				1080DA9328AE3F0700220903 /* Debug */,
				1080DA9428AE3F0700220903 /* Release */,
			);
			defaultConfigurationIsVisible = 0;
			defaultConfigurationName = Release;
		};
		1080DA9528AE3F0700220903 /* Build configuration list for PBXNativeTarget "SplatNetDemo (macOS)" */ = {
			isa = XCConfigurationList;
			buildConfigurations = (
				1080DA9628AE3F0700220903 /* Debug */,
				1080DA9728AE3F0700220903 /* Release */,
			);
			defaultConfigurationIsVisible = 0;
			defaultConfigurationName = Release;
		};
		1080DA9828AE3F0700220903 /* Build configuration list for PBXNativeTarget "Tests iOS" */ = {
			isa = XCConfigurationList;
			buildConfigurations = (
				1080DA9928AE3F0700220903 /* Debug */,
				1080DA9A28AE3F0700220903 /* Release */,
			);
			defaultConfigurationIsVisible = 0;
			defaultConfigurationName = Release;
		};
		1080DA9B28AE3F0700220903 /* Build configuration list for PBXNativeTarget "Tests macOS" */ = {
			isa = XCConfigurationList;
			buildConfigurations = (
				1080DA9C28AE3F0700220903 /* Debug */,
				1080DA9D28AE3F0700220903 /* Release */,
			);
			defaultConfigurationIsVisible = 0;
			defaultConfigurationName = Release;
		};
/* End XCConfigurationList section */

/* Begin XCSwiftPackageProductDependency section */
		10251A5828B91AA00095DAA7 /* SwiftyUI */ = {
			isa = XCSwiftPackageProductDependency;
			productName = SwiftyUI;
		};
		10251A5A28B91AEF0095DAA7 /* SplatNet2 */ = {
			isa = XCSwiftPackageProductDependency;
			productName = SplatNet2;
		};
		10A6A18128B7A1AB0075563F /* SplatNet3 */ = {
			isa = XCSwiftPackageProductDependency;
			productName = SplatNet3;
		};
/* End XCSwiftPackageProductDependency section */
	};
	rootObject = 1080DA5D28AE3F0600220903 /* Project object */;
}
