// !$*UTF8*$!
{
	archiveVersion = 1;
	classes = {
	};
	objectVersion = 56;
	objects = {

/* Begin PBXBuildFile section */
		106D5790293430B90088D018 /* SplatNet3DemoApp.swift in Sources */ = {isa = PBXBuildFile; fileRef = 106D578F293430B90088D018 /* SplatNet3DemoApp.swift */; };
		106D5792293430B90088D018 /* ContentView.swift in Sources */ = {isa = PBXBuildFile; fileRef = 106D5791293430B90088D018 /* ContentView.swift */; };
		106D5794293430BB0088D018 /* Assets.xcassets in Resources */ = {isa = PBXBuildFile; fileRef = 106D5793293430BB0088D018 /* Assets.xcassets */; };
		106D5798293430BB0088D018 /* Preview Assets.xcassets in Resources */ = {isa = PBXBuildFile; fileRef = 106D5797293430BB0088D018 /* Preview Assets.xcassets */; };
		106D57A2293430BB0088D018 /* SplatNet3DemoTests.swift in Sources */ = {isa = PBXBuildFile; fileRef = 106D57A1293430BB0088D018 /* SplatNet3DemoTests.swift */; };
		106D57AC293430BB0088D018 /* SplatNet3DemoUITests.swift in Sources */ = {isa = PBXBuildFile; fileRef = 106D57AB293430BB0088D018 /* SplatNet3DemoUITests.swift */; };
		106D57AE293430BB0088D018 /* SplatNet3DemoUITestsLaunchTests.swift in Sources */ = {isa = PBXBuildFile; fileRef = 106D57AD293430BB0088D018 /* SplatNet3DemoUITestsLaunchTests.swift */; };
		106D57BE293430ED0088D018 /* SplatNet3 in Frameworks */ = {isa = PBXBuildFile; productRef = 106D57BD293430ED0088D018 /* SplatNet3 */; };
/* End PBXBuildFile section */

/* Begin PBXContainerItemProxy section */
		106D579E293430BB0088D018 /* PBXContainerItemProxy */ = {
			isa = PBXContainerItemProxy;
			containerPortal = 106D5784293430B90088D018 /* Project object */;
			proxyType = 1;
			remoteGlobalIDString = 106D578B293430B90088D018;
			remoteInfo = SplatNet3Demo;
		};
		106D57A8293430BB0088D018 /* PBXContainerItemProxy */ = {
			isa = PBXContainerItemProxy;
			containerPortal = 106D5784293430B90088D018 /* Project object */;
			proxyType = 1;
			remoteGlobalIDString = 106D578B293430B90088D018;
			remoteInfo = SplatNet3Demo;
		};
/* End PBXContainerItemProxy section */

/* Begin PBXFileReference section */
		106D578C293430B90088D018 /* SplatNet3Demo.app */ = {isa = PBXFileReference; explicitFileType = wrapper.application; includeInIndex = 0; path = SplatNet3Demo.app; sourceTree = BUILT_PRODUCTS_DIR; };
		106D578F293430B90088D018 /* SplatNet3DemoApp.swift */ = {isa = PBXFileReference; lastKnownFileType = sourcecode.swift; path = SplatNet3DemoApp.swift; sourceTree = "<group>"; };
		106D5791293430B90088D018 /* ContentView.swift */ = {isa = PBXFileReference; lastKnownFileType = sourcecode.swift; path = ContentView.swift; sourceTree = "<group>"; };
		106D5793293430BB0088D018 /* Assets.xcassets */ = {isa = PBXFileReference; lastKnownFileType = folder.assetcatalog; path = Assets.xcassets; sourceTree = "<group>"; };
		106D5795293430BB0088D018 /* SplatNet3Demo.entitlements */ = {isa = PBXFileReference; lastKnownFileType = text.plist.entitlements; path = SplatNet3Demo.entitlements; sourceTree = "<group>"; };
		106D5797293430BB0088D018 /* Preview Assets.xcassets */ = {isa = PBXFileReference; lastKnownFileType = folder.assetcatalog; path = "Preview Assets.xcassets"; sourceTree = "<group>"; };
		106D579D293430BB0088D018 /* SplatNet3DemoTests.xctest */ = {isa = PBXFileReference; explicitFileType = wrapper.cfbundle; includeInIndex = 0; path = SplatNet3DemoTests.xctest; sourceTree = BUILT_PRODUCTS_DIR; };
		106D57A1293430BB0088D018 /* SplatNet3DemoTests.swift */ = {isa = PBXFileReference; lastKnownFileType = sourcecode.swift; path = SplatNet3DemoTests.swift; sourceTree = "<group>"; };
		106D57A7293430BB0088D018 /* SplatNet3DemoUITests.xctest */ = {isa = PBXFileReference; explicitFileType = wrapper.cfbundle; includeInIndex = 0; path = SplatNet3DemoUITests.xctest; sourceTree = BUILT_PRODUCTS_DIR; };
		106D57AB293430BB0088D018 /* SplatNet3DemoUITests.swift */ = {isa = PBXFileReference; lastKnownFileType = sourcecode.swift; path = SplatNet3DemoUITests.swift; sourceTree = "<group>"; };
		106D57AD293430BB0088D018 /* SplatNet3DemoUITestsLaunchTests.swift */ = {isa = PBXFileReference; lastKnownFileType = sourcecode.swift; path = SplatNet3DemoUITestsLaunchTests.swift; sourceTree = "<group>"; };
		106D57BB293430D70088D018 /* SplatNet3 */ = {isa = PBXFileReference; lastKnownFileType = wrapper; name = SplatNet3; path = ..; sourceTree = "<group>"; };
/* End PBXFileReference section */

/* Begin PBXFrameworksBuildPhase section */
		106D5789293430B90088D018 /* Frameworks */ = {
			isa = PBXFrameworksBuildPhase;
			buildActionMask = 2147483647;
			files = (
				106D57BE293430ED0088D018 /* SplatNet3 in Frameworks */,
			);
			runOnlyForDeploymentPostprocessing = 0;
		};
		106D579A293430BB0088D018 /* Frameworks */ = {
			isa = PBXFrameworksBuildPhase;
			buildActionMask = 2147483647;
			files = (
			);
			runOnlyForDeploymentPostprocessing = 0;
		};
		106D57A4293430BB0088D018 /* Frameworks */ = {
			isa = PBXFrameworksBuildPhase;
			buildActionMask = 2147483647;
			files = (
			);
			runOnlyForDeploymentPostprocessing = 0;
		};
/* End PBXFrameworksBuildPhase section */

/* Begin PBXGroup section */
		106D5783293430B90088D018 = {
			isa = PBXGroup;
			children = (
				106D57BA293430D70088D018 /* Packages */,
				106D578E293430B90088D018 /* SplatNet3Demo */,
				106D57A0293430BB0088D018 /* SplatNet3DemoTests */,
				106D57AA293430BB0088D018 /* SplatNet3DemoUITests */,
				106D578D293430B90088D018 /* Products */,
				106D57BC293430ED0088D018 /* Frameworks */,
			);
			sourceTree = "<group>";
		};
		106D578D293430B90088D018 /* Products */ = {
			isa = PBXGroup;
			children = (
				106D578C293430B90088D018 /* SplatNet3Demo.app */,
				106D579D293430BB0088D018 /* SplatNet3DemoTests.xctest */,
				106D57A7293430BB0088D018 /* SplatNet3DemoUITests.xctest */,
			);
			name = Products;
			sourceTree = "<group>";
		};
		106D578E293430B90088D018 /* SplatNet3Demo */ = {
			isa = PBXGroup;
			children = (
				106D578F293430B90088D018 /* SplatNet3DemoApp.swift */,
				106D5791293430B90088D018 /* ContentView.swift */,
				106D5793293430BB0088D018 /* Assets.xcassets */,
				106D5795293430BB0088D018 /* SplatNet3Demo.entitlements */,
				106D5796293430BB0088D018 /* Preview Content */,
			);
			path = SplatNet3Demo;
			sourceTree = "<group>";
		};
		106D5796293430BB0088D018 /* Preview Content */ = {
			isa = PBXGroup;
			children = (
				106D5797293430BB0088D018 /* Preview Assets.xcassets */,
			);
			path = "Preview Content";
			sourceTree = "<group>";
		};
		106D57A0293430BB0088D018 /* SplatNet3DemoTests */ = {
			isa = PBXGroup;
			children = (
				106D57A1293430BB0088D018 /* SplatNet3DemoTests.swift */,
			);
			path = SplatNet3DemoTests;
			sourceTree = "<group>";
		};
		106D57AA293430BB0088D018 /* SplatNet3DemoUITests */ = {
			isa = PBXGroup;
			children = (
				106D57AB293430BB0088D018 /* SplatNet3DemoUITests.swift */,
				106D57AD293430BB0088D018 /* SplatNet3DemoUITestsLaunchTests.swift */,
			);
			path = SplatNet3DemoUITests;
			sourceTree = "<group>";
		};
		106D57BA293430D70088D018 /* Packages */ = {
			isa = PBXGroup;
			children = (
				106D57BB293430D70088D018 /* SplatNet3 */,
			);
			name = Packages;
			sourceTree = "<group>";
		};
		106D57BC293430ED0088D018 /* Frameworks */ = {
			isa = PBXGroup;
			children = (
			);
			name = Frameworks;
			sourceTree = "<group>";
		};
/* End PBXGroup section */

/* Begin PBXNativeTarget section */
		106D578B293430B90088D018 /* SplatNet3Demo */ = {
			isa = PBXNativeTarget;
			buildConfigurationList = 106D57B1293430BB0088D018 /* Build configuration list for PBXNativeTarget "SplatNet3Demo" */;
			buildPhases = (
				106D5788293430B90088D018 /* Sources */,
				106D5789293430B90088D018 /* Frameworks */,
				106D578A293430B90088D018 /* Resources */,
			);
			buildRules = (
			);
			dependencies = (
			);
			name = SplatNet3Demo;
			packageProductDependencies = (
				106D57BD293430ED0088D018 /* SplatNet3 */,
			);
			productName = SplatNet3Demo;
			productReference = 106D578C293430B90088D018 /* SplatNet3Demo.app */;
			productType = "com.apple.product-type.application";
		};
		106D579C293430BB0088D018 /* SplatNet3DemoTests */ = {
			isa = PBXNativeTarget;
			buildConfigurationList = 106D57B4293430BB0088D018 /* Build configuration list for PBXNativeTarget "SplatNet3DemoTests" */;
			buildPhases = (
				106D5799293430BB0088D018 /* Sources */,
				106D579A293430BB0088D018 /* Frameworks */,
				106D579B293430BB0088D018 /* Resources */,
			);
			buildRules = (
			);
			dependencies = (
				106D579F293430BB0088D018 /* PBXTargetDependency */,
			);
			name = SplatNet3DemoTests;
			productName = SplatNet3DemoTests;
			productReference = 106D579D293430BB0088D018 /* SplatNet3DemoTests.xctest */;
			productType = "com.apple.product-type.bundle.unit-test";
		};
		106D57A6293430BB0088D018 /* SplatNet3DemoUITests */ = {
			isa = PBXNativeTarget;
			buildConfigurationList = 106D57B7293430BB0088D018 /* Build configuration list for PBXNativeTarget "SplatNet3DemoUITests" */;
			buildPhases = (
				106D57A3293430BB0088D018 /* Sources */,
				106D57A4293430BB0088D018 /* Frameworks */,
				106D57A5293430BB0088D018 /* Resources */,
			);
			buildRules = (
			);
			dependencies = (
				106D57A9293430BB0088D018 /* PBXTargetDependency */,
			);
			name = SplatNet3DemoUITests;
			productName = SplatNet3DemoUITests;
			productReference = 106D57A7293430BB0088D018 /* SplatNet3DemoUITests.xctest */;
			productType = "com.apple.product-type.bundle.ui-testing";
		};
/* End PBXNativeTarget section */

/* Begin PBXProject section */
		106D5784293430B90088D018 /* Project object */ = {
			isa = PBXProject;
			attributes = {
				BuildIndependentTargetsInParallel = 1;
				LastSwiftUpdateCheck = 1410;
				LastUpgradeCheck = 1410;
				TargetAttributes = {
					106D578B293430B90088D018 = {
						CreatedOnToolsVersion = 14.1;
					};
					106D579C293430BB0088D018 = {
						CreatedOnToolsVersion = 14.1;
						TestTargetID = 106D578B293430B90088D018;
					};
					106D57A6293430BB0088D018 = {
						CreatedOnToolsVersion = 14.1;
						TestTargetID = 106D578B293430B90088D018;
					};
				};
			};
			buildConfigurationList = 106D5787293430B90088D018 /* Build configuration list for PBXProject "SplatNet3Demo" */;
			compatibilityVersion = "Xcode 14.0";
			developmentRegion = en;
			hasScannedForEncodings = 0;
			knownRegions = (
				en,
				Base,
			);
			mainGroup = 106D5783293430B90088D018;
			productRefGroup = 106D578D293430B90088D018 /* Products */;
			projectDirPath = "";
			projectRoot = "";
			targets = (
				106D578B293430B90088D018 /* SplatNet3Demo */,
				106D579C293430BB0088D018 /* SplatNet3DemoTests */,
				106D57A6293430BB0088D018 /* SplatNet3DemoUITests */,
			);
		};
/* End PBXProject section */

/* Begin PBXResourcesBuildPhase section */
		106D578A293430B90088D018 /* Resources */ = {
			isa = PBXResourcesBuildPhase;
			buildActionMask = 2147483647;
			files = (
				106D5798293430BB0088D018 /* Preview Assets.xcassets in Resources */,
				106D5794293430BB0088D018 /* Assets.xcassets in Resources */,
			);
			runOnlyForDeploymentPostprocessing = 0;
		};
		106D579B293430BB0088D018 /* Resources */ = {
			isa = PBXResourcesBuildPhase;
			buildActionMask = 2147483647;
			files = (
			);
			runOnlyForDeploymentPostprocessing = 0;
		};
		106D57A5293430BB0088D018 /* Resources */ = {
			isa = PBXResourcesBuildPhase;
			buildActionMask = 2147483647;
			files = (
			);
			runOnlyForDeploymentPostprocessing = 0;
		};
/* End PBXResourcesBuildPhase section */

/* Begin PBXSourcesBuildPhase section */
		106D5788293430B90088D018 /* Sources */ = {
			isa = PBXSourcesBuildPhase;
			buildActionMask = 2147483647;
			files = (
				106D5792293430B90088D018 /* ContentView.swift in Sources */,
				106D5790293430B90088D018 /* SplatNet3DemoApp.swift in Sources */,
			);
			runOnlyForDeploymentPostprocessing = 0;
		};
		106D5799293430BB0088D018 /* Sources */ = {
			isa = PBXSourcesBuildPhase;
			buildActionMask = 2147483647;
			files = (
				106D57A2293430BB0088D018 /* SplatNet3DemoTests.swift in Sources */,
			);
			runOnlyForDeploymentPostprocessing = 0;
		};
		106D57A3293430BB0088D018 /* Sources */ = {
			isa = PBXSourcesBuildPhase;
			buildActionMask = 2147483647;
			files = (
				106D57AE293430BB0088D018 /* SplatNet3DemoUITestsLaunchTests.swift in Sources */,
				106D57AC293430BB0088D018 /* SplatNet3DemoUITests.swift in Sources */,
			);
			runOnlyForDeploymentPostprocessing = 0;
		};
/* End PBXSourcesBuildPhase section */

/* Begin PBXTargetDependency section */
		106D579F293430BB0088D018 /* PBXTargetDependency */ = {
			isa = PBXTargetDependency;
			target = 106D578B293430B90088D018 /* SplatNet3Demo */;
			targetProxy = 106D579E293430BB0088D018 /* PBXContainerItemProxy */;
		};
		106D57A9293430BB0088D018 /* PBXTargetDependency */ = {
			isa = PBXTargetDependency;
			target = 106D578B293430B90088D018 /* SplatNet3Demo */;
			targetProxy = 106D57A8293430BB0088D018 /* PBXContainerItemProxy */;
		};
/* End PBXTargetDependency section */

/* Begin XCBuildConfiguration section */
		106D57AF293430BB0088D018 /* Debug */ = {
			isa = XCBuildConfiguration;
			buildSettings = {
				ALWAYS_SEARCH_USER_PATHS = NO;
				CLANG_ANALYZER_NONNULL = YES;
				CLANG_ANALYZER_NUMBER_OBJECT_CONVERSION = YES_AGGRESSIVE;
				CLANG_CXX_LANGUAGE_STANDARD = "gnu++20";
				CLANG_ENABLE_MODULES = YES;
				CLANG_ENABLE_OBJC_ARC = YES;
				CLANG_ENABLE_OBJC_WEAK = YES;
				CLANG_WARN_BLOCK_CAPTURE_AUTORELEASING = YES;
				CLANG_WARN_BOOL_CONVERSION = YES;
				CLANG_WARN_COMMA = YES;
				CLANG_WARN_CONSTANT_CONVERSION = YES;
				CLANG_WARN_DEPRECATED_OBJC_IMPLEMENTATIONS = YES;
				CLANG_WARN_DIRECT_OBJC_ISA_USAGE = YES_ERROR;
				CLANG_WARN_DOCUMENTATION_COMMENTS = YES;
				CLANG_WARN_EMPTY_BODY = YES;
				CLANG_WARN_ENUM_CONVERSION = YES;
				CLANG_WARN_INFINITE_RECURSION = YES;
				CLANG_WARN_INT_CONVERSION = YES;
				CLANG_WARN_NON_LITERAL_NULL_CONVERSION = YES;
				CLANG_WARN_OBJC_IMPLICIT_RETAIN_SELF = YES;
				CLANG_WARN_OBJC_LITERAL_CONVERSION = YES;
				CLANG_WARN_OBJC_ROOT_CLASS = YES_ERROR;
				CLANG_WARN_QUOTED_INCLUDE_IN_FRAMEWORK_HEADER = YES;
				CLANG_WARN_RANGE_LOOP_ANALYSIS = YES;
				CLANG_WARN_STRICT_PROTOTYPES = YES;
				CLANG_WARN_SUSPICIOUS_MOVE = YES;
				CLANG_WARN_UNGUARDED_AVAILABILITY = YES_AGGRESSIVE;
				CLANG_WARN_UNREACHABLE_CODE = YES;
				CLANG_WARN__DUPLICATE_METHOD_MATCH = YES;
				COPY_PHASE_STRIP = NO;
				DEBUG_INFORMATION_FORMAT = dwarf;
				ENABLE_STRICT_OBJC_MSGSEND = YES;
				ENABLE_TESTABILITY = YES;
				GCC_C_LANGUAGE_STANDARD = gnu11;
				GCC_DYNAMIC_NO_PIC = NO;
				GCC_NO_COMMON_BLOCKS = YES;
				GCC_OPTIMIZATION_LEVEL = 0;
				GCC_PREPROCESSOR_DEFINITIONS = (
					"DEBUG=1",
					"$(inherited)",
				);
				GCC_WARN_64_TO_32_BIT_CONVERSION = YES;
				GCC_WARN_ABOUT_RETURN_TYPE = YES_ERROR;
				GCC_WARN_UNDECLARED_SELECTOR = YES;
				GCC_WARN_UNINITIALIZED_AUTOS = YES_AGGRESSIVE;
				GCC_WARN_UNUSED_FUNCTION = YES;
				GCC_WARN_UNUSED_VARIABLE = YES;
				MTL_ENABLE_DEBUG_INFO = INCLUDE_SOURCE;
				MTL_FAST_MATH = YES;
				ONLY_ACTIVE_ARCH = YES;
				SWIFT_ACTIVE_COMPILATION_CONDITIONS = DEBUG;
				SWIFT_OPTIMIZATION_LEVEL = "-Onone";
			};
			name = Debug;
		};
		106D57B0293430BB0088D018 /* Release */ = {
			isa = XCBuildConfiguration;
			buildSettings = {
				ALWAYS_SEARCH_USER_PATHS = NO;
				CLANG_ANALYZER_NONNULL = YES;
				CLANG_ANALYZER_NUMBER_OBJECT_CONVERSION = YES_AGGRESSIVE;
				CLANG_CXX_LANGUAGE_STANDARD = "gnu++20";
				CLANG_ENABLE_MODULES = YES;
				CLANG_ENABLE_OBJC_ARC = YES;
				CLANG_ENABLE_OBJC_WEAK = YES;
				CLANG_WARN_BLOCK_CAPTURE_AUTORELEASING = YES;
				CLANG_WARN_BOOL_CONVERSION = YES;
				CLANG_WARN_COMMA = YES;
				CLANG_WARN_CONSTANT_CONVERSION = YES;
				CLANG_WARN_DEPRECATED_OBJC_IMPLEMENTATIONS = YES;
				CLANG_WARN_DIRECT_OBJC_ISA_USAGE = YES_ERROR;
				CLANG_WARN_DOCUMENTATION_COMMENTS = YES;
				CLANG_WARN_EMPTY_BODY = YES;
				CLANG_WARN_ENUM_CONVERSION = YES;
				CLANG_WARN_INFINITE_RECURSION = YES;
				CLANG_WARN_INT_CONVERSION = YES;
				CLANG_WARN_NON_LITERAL_NULL_CONVERSION = YES;
				CLANG_WARN_OBJC_IMPLICIT_RETAIN_SELF = YES;
				CLANG_WARN_OBJC_LITERAL_CONVERSION = YES;
				CLANG_WARN_OBJC_ROOT_CLASS = YES_ERROR;
				CLANG_WARN_QUOTED_INCLUDE_IN_FRAMEWORK_HEADER = YES;
				CLANG_WARN_RANGE_LOOP_ANALYSIS = YES;
				CLANG_WARN_STRICT_PROTOTYPES = YES;
				CLANG_WARN_SUSPICIOUS_MOVE = YES;
				CLANG_WARN_UNGUARDED_AVAILABILITY = YES_AGGRESSIVE;
				CLANG_WARN_UNREACHABLE_CODE = YES;
				CLANG_WARN__DUPLICATE_METHOD_MATCH = YES;
				COPY_PHASE_STRIP = NO;
				DEBUG_INFORMATION_FORMAT = "dwarf-with-dsym";
				ENABLE_NS_ASSERTIONS = NO;
				ENABLE_STRICT_OBJC_MSGSEND = YES;
				GCC_C_LANGUAGE_STANDARD = gnu11;
				GCC_NO_COMMON_BLOCKS = YES;
				GCC_WARN_64_TO_32_BIT_CONVERSION = YES;
				GCC_WARN_ABOUT_RETURN_TYPE = YES_ERROR;
				GCC_WARN_UNDECLARED_SELECTOR = YES;
				GCC_WARN_UNINITIALIZED_AUTOS = YES_AGGRESSIVE;
				GCC_WARN_UNUSED_FUNCTION = YES;
				GCC_WARN_UNUSED_VARIABLE = YES;
				MTL_ENABLE_DEBUG_INFO = NO;
				MTL_FAST_MATH = YES;
				SWIFT_COMPILATION_MODE = wholemodule;
				SWIFT_OPTIMIZATION_LEVEL = "-O";
			};
			name = Release;
		};
		106D57B2293430BB0088D018 /* Debug */ = {
			isa = XCBuildConfiguration;
			buildSettings = {
				ASSETCATALOG_COMPILER_APPICON_NAME = AppIcon;
				ASSETCATALOG_COMPILER_GLOBAL_ACCENT_COLOR_NAME = AccentColor;
				CODE_SIGN_ENTITLEMENTS = SplatNet3Demo/SplatNet3Demo.entitlements;
				CODE_SIGN_STYLE = Automatic;
				CURRENT_PROJECT_VERSION = 1;
				DEVELOPMENT_ASSET_PATHS = "\"SplatNet3Demo/Preview Content\"";
				DEVELOPMENT_TEAM = D9HU6JZF2Q;
				ENABLE_HARDENED_RUNTIME = YES;
				ENABLE_PREVIEWS = YES;
				GENERATE_INFOPLIST_FILE = YES;
				INFOPLIST_KEY_LSApplicationCategoryType = "public.app-category.utilities";
				"INFOPLIST_KEY_UIApplicationSceneManifest_Generation[sdk=iphoneos*]" = YES;
				"INFOPLIST_KEY_UIApplicationSceneManifest_Generation[sdk=iphonesimulator*]" = YES;
				"INFOPLIST_KEY_UIApplicationSupportsIndirectInputEvents[sdk=iphoneos*]" = YES;
				"INFOPLIST_KEY_UIApplicationSupportsIndirectInputEvents[sdk=iphonesimulator*]" = YES;
				"INFOPLIST_KEY_UILaunchScreen_Generation[sdk=iphoneos*]" = YES;
				"INFOPLIST_KEY_UILaunchScreen_Generation[sdk=iphonesimulator*]" = YES;
				"INFOPLIST_KEY_UIStatusBarStyle[sdk=iphoneos*]" = UIStatusBarStyleDefault;
				"INFOPLIST_KEY_UIStatusBarStyle[sdk=iphonesimulator*]" = UIStatusBarStyleDefault;
				INFOPLIST_KEY_UISupportedInterfaceOrientations_iPad = "UIInterfaceOrientationPortrait UIInterfaceOrientationPortraitUpsideDown UIInterfaceOrientationLandscapeLeft UIInterfaceOrientationLandscapeRight";
				INFOPLIST_KEY_UISupportedInterfaceOrientations_iPhone = "UIInterfaceOrientationPortrait UIInterfaceOrientationLandscapeLeft UIInterfaceOrientationLandscapeRight";
				IPHONEOS_DEPLOYMENT_TARGET = 15.0;
				LD_RUNPATH_SEARCH_PATHS = "@executable_path/Frameworks";
				"LD_RUNPATH_SEARCH_PATHS[sdk=macosx*]" = "@executable_path/../Frameworks";
				MACOSX_DEPLOYMENT_TARGET = 13.0;
				MARKETING_VERSION = 1.0;
				PRODUCT_BUNDLE_IDENTIFIER = work.tkgstrator.SplatNet3Demo;
				PRODUCT_NAME = "$(TARGET_NAME)";
				SDKROOT = auto;
				SUPPORTED_PLATFORMS = "iphoneos iphonesimulator macosx";
				SWIFT_EMIT_LOC_STRINGS = YES;
				SWIFT_VERSION = 5.0;
				TARGETED_DEVICE_FAMILY = "1,2";
			};
			name = Debug;
		};
		106D57B3293430BB0088D018 /* Release */ = {
			isa = XCBuildConfiguration;
			buildSettings = {
				ASSETCATALOG_COMPILER_APPICON_NAME = AppIcon;
				ASSETCATALOG_COMPILER_GLOBAL_ACCENT_COLOR_NAME = AccentColor;
				CODE_SIGN_ENTITLEMENTS = SplatNet3Demo/SplatNet3Demo.entitlements;
				CODE_SIGN_STYLE = Automatic;
				CURRENT_PROJECT_VERSION = 1;
				DEVELOPMENT_ASSET_PATHS = "\"SplatNet3Demo/Preview Content\"";
				DEVELOPMENT_TEAM = D9HU6JZF2Q;
				ENABLE_HARDENED_RUNTIME = YES;
				ENABLE_PREVIEWS = YES;
				GENERATE_INFOPLIST_FILE = YES;
				INFOPLIST_KEY_LSApplicationCategoryType = "public.app-category.utilities";
				"INFOPLIST_KEY_UIApplicationSceneManifest_Generation[sdk=iphoneos*]" = YES;
				"INFOPLIST_KEY_UIApplicationSceneManifest_Generation[sdk=iphonesimulator*]" = YES;
				"INFOPLIST_KEY_UIApplicationSupportsIndirectInputEvents[sdk=iphoneos*]" = YES;
				"INFOPLIST_KEY_UIApplicationSupportsIndirectInputEvents[sdk=iphonesimulator*]" = YES;
				"INFOPLIST_KEY_UILaunchScreen_Generation[sdk=iphoneos*]" = YES;
				"INFOPLIST_KEY_UILaunchScreen_Generation[sdk=iphonesimulator*]" = YES;
				"INFOPLIST_KEY_UIStatusBarStyle[sdk=iphoneos*]" = UIStatusBarStyleDefault;
				"INFOPLIST_KEY_UIStatusBarStyle[sdk=iphonesimulator*]" = UIStatusBarStyleDefault;
				INFOPLIST_KEY_UISupportedInterfaceOrientations_iPad = "UIInterfaceOrientationPortrait UIInterfaceOrientationPortraitUpsideDown UIInterfaceOrientationLandscapeLeft UIInterfaceOrientationLandscapeRight";
				INFOPLIST_KEY_UISupportedInterfaceOrientations_iPhone = "UIInterfaceOrientationPortrait UIInterfaceOrientationLandscapeLeft UIInterfaceOrientationLandscapeRight";
				IPHONEOS_DEPLOYMENT_TARGET = 15.0;
				LD_RUNPATH_SEARCH_PATHS = "@executable_path/Frameworks";
				"LD_RUNPATH_SEARCH_PATHS[sdk=macosx*]" = "@executable_path/../Frameworks";
				MACOSX_DEPLOYMENT_TARGET = 13.0;
				MARKETING_VERSION = 1.0;
				PRODUCT_BUNDLE_IDENTIFIER = work.tkgstrator.SplatNet3Demo;
				PRODUCT_NAME = "$(TARGET_NAME)";
				SDKROOT = auto;
				SUPPORTED_PLATFORMS = "iphoneos iphonesimulator macosx";
				SWIFT_EMIT_LOC_STRINGS = YES;
				SWIFT_VERSION = 5.0;
				TARGETED_DEVICE_FAMILY = "1,2";
			};
			name = Release;
		};
		106D57B5293430BB0088D018 /* Debug */ = {
			isa = XCBuildConfiguration;
			buildSettings = {
				ALWAYS_EMBED_SWIFT_STANDARD_LIBRARIES = YES;
				BUNDLE_LOADER = "$(TEST_HOST)";
				CODE_SIGN_STYLE = Automatic;
				CURRENT_PROJECT_VERSION = 1;
				DEVELOPMENT_TEAM = D9HU6JZF2Q;
				GENERATE_INFOPLIST_FILE = YES;
				IPHONEOS_DEPLOYMENT_TARGET = 16.1;
				MACOSX_DEPLOYMENT_TARGET = 13.0;
				MARKETING_VERSION = 1.0;
				PRODUCT_BUNDLE_IDENTIFIER = work.tkgstrator.SplatNet3DemoTests;
				PRODUCT_NAME = "$(TARGET_NAME)";
				SDKROOT = auto;
				SUPPORTED_PLATFORMS = "iphoneos iphonesimulator macosx";
				SWIFT_EMIT_LOC_STRINGS = NO;
				SWIFT_VERSION = 5.0;
				TARGETED_DEVICE_FAMILY = "1,2";
				TEST_HOST = "$(BUILT_PRODUCTS_DIR)/SplatNet3Demo.app/$(BUNDLE_EXECUTABLE_FOLDER_PATH)/SplatNet3Demo";
			};
			name = Debug;
		};
		106D57B6293430BB0088D018 /* Release */ = {
			isa = XCBuildConfiguration;
			buildSettings = {
				ALWAYS_EMBED_SWIFT_STANDARD_LIBRARIES = YES;
				BUNDLE_LOADER = "$(TEST_HOST)";
				CODE_SIGN_STYLE = Automatic;
				CURRENT_PROJECT_VERSION = 1;
				DEVELOPMENT_TEAM = D9HU6JZF2Q;
				GENERATE_INFOPLIST_FILE = YES;
				IPHONEOS_DEPLOYMENT_TARGET = 16.1;
				MACOSX_DEPLOYMENT_TARGET = 13.0;
				MARKETING_VERSION = 1.0;
				PRODUCT_BUNDLE_IDENTIFIER = work.tkgstrator.SplatNet3DemoTests;
				PRODUCT_NAME = "$(TARGET_NAME)";
				SDKROOT = auto;
				SUPPORTED_PLATFORMS = "iphoneos iphonesimulator macosx";
				SWIFT_EMIT_LOC_STRINGS = NO;
				SWIFT_VERSION = 5.0;
				TARGETED_DEVICE_FAMILY = "1,2";
				TEST_HOST = "$(BUILT_PRODUCTS_DIR)/SplatNet3Demo.app/$(BUNDLE_EXECUTABLE_FOLDER_PATH)/SplatNet3Demo";
			};
			name = Release;
		};
		106D57B8293430BB0088D018 /* Debug */ = {
			isa = XCBuildConfiguration;
			buildSettings = {
				ALWAYS_EMBED_SWIFT_STANDARD_LIBRARIES = YES;
				CODE_SIGN_STYLE = Automatic;
				CURRENT_PROJECT_VERSION = 1;
				DEVELOPMENT_TEAM = D9HU6JZF2Q;
				GENERATE_INFOPLIST_FILE = YES;
				IPHONEOS_DEPLOYMENT_TARGET = 16.1;
				MACOSX_DEPLOYMENT_TARGET = 13.0;
				MARKETING_VERSION = 1.0;
				PRODUCT_BUNDLE_IDENTIFIER = work.tkgstrator.SplatNet3DemoUITests;
				PRODUCT_NAME = "$(TARGET_NAME)";
				SDKROOT = auto;
				SUPPORTED_PLATFORMS = "iphoneos iphonesimulator macosx";
				SWIFT_EMIT_LOC_STRINGS = NO;
				SWIFT_VERSION = 5.0;
				TARGETED_DEVICE_FAMILY = "1,2";
				TEST_TARGET_NAME = SplatNet3Demo;
			};
			name = Debug;
		};
		106D57B9293430BB0088D018 /* Release */ = {
			isa = XCBuildConfiguration;
			buildSettings = {
				ALWAYS_EMBED_SWIFT_STANDARD_LIBRARIES = YES;
				CODE_SIGN_STYLE = Automatic;
				CURRENT_PROJECT_VERSION = 1;
				DEVELOPMENT_TEAM = D9HU6JZF2Q;
				GENERATE_INFOPLIST_FILE = YES;
				IPHONEOS_DEPLOYMENT_TARGET = 16.1;
				MACOSX_DEPLOYMENT_TARGET = 13.0;
				MARKETING_VERSION = 1.0;
				PRODUCT_BUNDLE_IDENTIFIER = work.tkgstrator.SplatNet3DemoUITests;
				PRODUCT_NAME = "$(TARGET_NAME)";
				SDKROOT = auto;
				SUPPORTED_PLATFORMS = "iphoneos iphonesimulator macosx";
				SWIFT_EMIT_LOC_STRINGS = NO;
				SWIFT_VERSION = 5.0;
				TARGETED_DEVICE_FAMILY = "1,2";
				TEST_TARGET_NAME = SplatNet3Demo;
			};
			name = Release;
		};
/* End XCBuildConfiguration section */

/* Begin XCConfigurationList section */
		106D5787293430B90088D018 /* Build configuration list for PBXProject "SplatNet3Demo" */ = {
			isa = XCConfigurationList;
			buildConfigurations = (
				106D57AF293430BB0088D018 /* Debug */,
				106D57B0293430BB0088D018 /* Release */,
			);
			defaultConfigurationIsVisible = 0;
			defaultConfigurationName = Release;
		};
		106D57B1293430BB0088D018 /* Build configuration list for PBXNativeTarget "SplatNet3Demo" */ = {
			isa = XCConfigurationList;
			buildConfigurations = (
				106D57B2293430BB0088D018 /* Debug */,
				106D57B3293430BB0088D018 /* Release */,
			);
			defaultConfigurationIsVisible = 0;
			defaultConfigurationName = Release;
		};
		106D57B4293430BB0088D018 /* Build configuration list for PBXNativeTarget "SplatNet3DemoTests" */ = {
			isa = XCConfigurationList;
			buildConfigurations = (
				106D57B5293430BB0088D018 /* Debug */,
				106D57B6293430BB0088D018 /* Release */,
			);
			defaultConfigurationIsVisible = 0;
			defaultConfigurationName = Release;
		};
		106D57B7293430BB0088D018 /* Build configuration list for PBXNativeTarget "SplatNet3DemoUITests" */ = {
			isa = XCConfigurationList;
			buildConfigurations = (
				106D57B8293430BB0088D018 /* Debug */,
				106D57B9293430BB0088D018 /* Release */,
			);
			defaultConfigurationIsVisible = 0;
			defaultConfigurationName = Release;
		};
/* End XCConfigurationList section */

/* Begin XCSwiftPackageProductDependency section */
		106D57BD293430ED0088D018 /* SplatNet3 */ = {
			isa = XCSwiftPackageProductDependency;
			productName = SplatNet3;
		};
/* End XCSwiftPackageProductDependency section */
	};
	rootObject = 106D5784293430B90088D018 /* Project object */;
}
